# THIS IS AN AUTOGENERATED FILE. DO NOT EDIT THIS FILE DIRECTLY.
# yarn lockfile v1


sql.js@^1.6.2:
  version "1.6.2"
  resolved "https://registry.yarnpkg.com/sql.js/-/sql.js-1.6.2.tgz#7fb70ff68089434826a39b8f5afb2170d682eb3f"
  integrity sha512-9iucI5fXQa+Gspeqf/BNB20PxJIn5LhXDt4mjXoFPqXdR+NqtFs15SdKpSIJ6s529aGL9zFR9p2eSCIEiMsNGA==
